// !$*UTF8*$!
{
	archiveVersion = 1;
	classes = {
	};
	objectVersion = 46;
	objects = {

/* Begin PBXBuildFile section */
		8CD931401B43A89E00ABCCB9 /* main.m in Sources */ = {isa = PBXBuildFile; fileRef = 8CD9313F1B43A89E00ABCCB9 /* main.m */; };
		8CD931431B43A89E00ABCCB9 /* AppDelegate.m in Sources */ = {isa = PBXBuildFile; fileRef = 8CD931421B43A89E00ABCCB9 /* AppDelegate.m */; };
		8CD931461B43A89E00ABCCB9 /* ViewController.m in Sources */ = {isa = PBXBuildFile; fileRef = 8CD931451B43A89E00ABCCB9 /* ViewController.m */; };
		8CD931491B43A89E00ABCCB9 /* Main.storyboard in Resources */ = {isa = PBXBuildFile; fileRef = 8CD931471B43A89E00ABCCB9 /* Main.storyboard */; };
		8CD9314B1B43A89E00ABCCB9 /* Images.xcassets in Resources */ = {isa = PBXBuildFile; fileRef = 8CD9314A1B43A89E00ABCCB9 /* Images.xcassets */; };
		8CD9314E1B43A89E00ABCCB9 /* LaunchScreen.xib in Resources */ = {isa = PBXBuildFile; fileRef = 8CD9314C1B43A89E00ABCCB9 /* LaunchScreen.xib */; };
		8CD9315A1B43A89E00ABCCB9 /* HorizontalScrollMenuTests.m in Sources */ = {isa = PBXBuildFile; fileRef = 8CD931591B43A89E00ABCCB9 /* HorizontalScrollMenuTests.m */; };
		8CD931691B43AEC400ABCCB9 /* UIKit.framework in Frameworks */ = {isa = PBXBuildFile; fileRef = 8CD931681B43AEC400ABCCB9 /* UIKit.framework */; };
		8CD9316D1B43B0FB00ABCCB9 /* iCarousel.m in Sources */ = {isa = PBXBuildFile; fileRef = 8CD9316C1B43B0FB00ABCCB9 /* iCarousel.m */; };
/* End PBXBuildFile section */

/* Begin PBXContainerItemProxy section */
		8CD931541B43A89E00ABCCB9 /* PBXContainerItemProxy */ = {
			isa = PBXContainerItemProxy;
			containerPortal = 8CD931321B43A89E00ABCCB9 /* Project object */;
			proxyType = 1;
			remoteGlobalIDString = 8CD931391B43A89E00ABCCB9;
			remoteInfo = HorizontalScrollMenu;
		};
/* End PBXContainerItemProxy section */

/* Begin PBXFileReference section */
		8CD9313A1B43A89E00ABCCB9 /* HorizontalScrollMenu.app */ = {isa = PBXFileReference; explicitFileType = wrapper.application; includeInIndex = 0; path = HorizontalScrollMenu.app; sourceTree = BUILT_PRODUCTS_DIR; };
		8CD9313E1B43A89E00ABCCB9 /* Info.plist */ = {isa = PBXFileReference; lastKnownFileType = text.plist.xml; path = Info.plist; sourceTree = "<group>"; };
		8CD9313F1B43A89E00ABCCB9 /* main.m */ = {isa = PBXFileReference; lastKnownFileType = sourcecode.c.objc; path = main.m; sourceTree = "<group>"; };
		8CD931411B43A89E00ABCCB9 /* AppDelegate.h */ = {isa = PBXFileReference; lastKnownFileType = sourcecode.c.h; path = AppDelegate.h; sourceTree = "<group>"; };
		8CD931421B43A89E00ABCCB9 /* AppDelegate.m */ = {isa = PBXFileReference; lastKnownFileType = sourcecode.c.objc; path = AppDelegate.m; sourceTree = "<group>"; };
		8CD931441B43A89E00ABCCB9 /* ViewController.h */ = {isa = PBXFileReference; lastKnownFileType = sourcecode.c.h; path = ViewController.h; sourceTree = "<group>"; };
		8CD931451B43A89E00ABCCB9 /* ViewController.m */ = {isa = PBXFileReference; lastKnownFileType = sourcecode.c.objc; path = ViewController.m; sourceTree = "<group>"; };
		8CD931481B43A89E00ABCCB9 /* Base */ = {isa = PBXFileReference; lastKnownFileType = file.storyboard; name = Base; path = Base.lproj/Main.storyboard; sourceTree = "<group>"; };
		8CD9314A1B43A89E00ABCCB9 /* Images.xcassets */ = {isa = PBXFileReference; lastKnownFileType = folder.assetcatalog; path = Images.xcassets; sourceTree = "<group>"; };
		8CD9314D1B43A89E00ABCCB9 /* Base */ = {isa = PBXFileReference; lastKnownFileType = file.xib; name = Base; path = Base.lproj/LaunchScreen.xib; sourceTree = "<group>"; };
		8CD931531B43A89E00ABCCB9 /* HorizontalScrollMenuTests.xctest */ = {isa = PBXFileReference; explicitFileType = wrapper.cfbundle; includeInIndex = 0; path = HorizontalScrollMenuTests.xctest; sourceTree = BUILT_PRODUCTS_DIR; };
		8CD931581B43A89E00ABCCB9 /* Info.plist */ = {isa = PBXFileReference; lastKnownFileType = text.plist.xml; path = Info.plist; sourceTree = "<group>"; };
		8CD931591B43A89E00ABCCB9 /* HorizontalScrollMenuTests.m */ = {isa = PBXFileReference; lastKnownFileType = sourcecode.c.objc; path = HorizontalScrollMenuTests.m; sourceTree = "<group>"; };
		8CD931681B43AEC400ABCCB9 /* UIKit.framework */ = {isa = PBXFileReference; lastKnownFileType = wrapper.framework; name = UIKit.framework; path = System/Library/Frameworks/UIKit.framework; sourceTree = SDKROOT; };
		8CD9316B1B43B0FB00ABCCB9 /* iCarousel.h */ = {isa = PBXFileReference; fileEncoding = 4; lastKnownFileType = sourcecode.c.h; path = iCarousel.h; sourceTree = "<group>"; };
		8CD9316C1B43B0FB00ABCCB9 /* iCarousel.m */ = {isa = PBXFileReference; fileEncoding = 4; lastKnownFileType = sourcecode.c.objc; path = iCarousel.m; sourceTree = "<group>"; };
/* End PBXFileReference section */

/* Begin PBXFrameworksBuildPhase section */
		8CD931371B43A89E00ABCCB9 /* Frameworks */ = {
			isa = PBXFrameworksBuildPhase;
			buildActionMask = 2147483647;
			files = (
				8CD931691B43AEC400ABCCB9 /* UIKit.framework in Frameworks */,
			);
			runOnlyForDeploymentPostprocessing = 0;
		};
		8CD931501B43A89E00ABCCB9 /* Frameworks */ = {
			isa = PBXFrameworksBuildPhase;
			buildActionMask = 2147483647;
			files = (
			);
			runOnlyForDeploymentPostprocessing = 0;
		};
/* End PBXFrameworksBuildPhase section */

/* Begin PBXGroup section */
		8CD931311B43A89E00ABCCB9 = {
			isa = PBXGroup;
			children = (
				8CD931681B43AEC400ABCCB9 /* UIKit.framework */,
				8CD9313C1B43A89E00ABCCB9 /* HorizontalScrollMenu */,
				8CD931561B43A89E00ABCCB9 /* HorizontalScrollMenuTests */,
				8CD9313B1B43A89E00ABCCB9 /* Products */,
			);
			sourceTree = "<group>";
		};
		8CD9313B1B43A89E00ABCCB9 /* Products */ = {
			isa = PBXGroup;
			children = (
				8CD9313A1B43A89E00ABCCB9 /* HorizontalScrollMenu.app */,
				8CD931531B43A89E00ABCCB9 /* HorizontalScrollMenuTests.xctest */,
			);
			name = Products;
			sourceTree = "<group>";
		};
		8CD9313C1B43A89E00ABCCB9 /* HorizontalScrollMenu */ = {
			isa = PBXGroup;
			children = (
				8CD931411B43A89E00ABCCB9 /* AppDelegate.h */,
				8CD931421B43A89E00ABCCB9 /* AppDelegate.m */,
				8CD931441B43A89E00ABCCB9 /* ViewController.h */,
				8CD931451B43A89E00ABCCB9 /* ViewController.m */,
				8CD931471B43A89E00ABCCB9 /* Main.storyboard */,
				8CD9314A1B43A89E00ABCCB9 /* Images.xcassets */,
				8CD9314C1B43A89E00ABCCB9 /* LaunchScreen.xib */,
				8CD931631B43A9D400ABCCB9 /* Libraries */,
				8CD9313D1B43A89E00ABCCB9 /* Supporting Files */,
			);
			path = HorizontalScrollMenu;
			sourceTree = "<group>";
		};
		8CD9313D1B43A89E00ABCCB9 /* Supporting Files */ = {
			isa = PBXGroup;
			children = (
				8CD9313E1B43A89E00ABCCB9 /* Info.plist */,
				8CD9313F1B43A89E00ABCCB9 /* main.m */,
			);
			name = "Supporting Files";
			sourceTree = "<group>";
		};
		8CD931561B43A89E00ABCCB9 /* HorizontalScrollMenuTests */ = {
			isa = PBXGroup;
			children = (
				8CD931591B43A89E00ABCCB9 /* HorizontalScrollMenuTests.m */,
				8CD931571B43A89E00ABCCB9 /* Supporting Files */,
			);
			path = HorizontalScrollMenuTests;
			sourceTree = "<group>";
		};
		8CD931571B43A89E00ABCCB9 /* Supporting Files */ = {
			isa = PBXGroup;
			children = (
				8CD931581B43A89E00ABCCB9 /* Info.plist */,
			);
			name = "Supporting Files";
			sourceTree = "<group>";
		};
		8CD931631B43A9D400ABCCB9 /* Libraries */ = {
			isa = PBXGroup;
			children = (
				8CD9316A1B43B0FB00ABCCB9 /* iCarousel */,
			);
			path = Libraries;
			sourceTree = "<group>";
		};
		8CD9316A1B43B0FB00ABCCB9 /* iCarousel */ = {
			isa = PBXGroup;
			children = (
				8CD9316B1B43B0FB00ABCCB9 /* iCarousel.h */,
				8CD9316C1B43B0FB00ABCCB9 /* iCarousel.m */,
			);
			path = iCarousel;
			sourceTree = "<group>";
		};
/* End PBXGroup section */

/* Begin PBXNativeTarget section */
		8CD931391B43A89E00ABCCB9 /* HorizontalScrollMenu */ = {
			isa = PBXNativeTarget;
			buildConfigurationList = 8CD9315D1B43A89E00ABCCB9 /* Build configuration list for PBXNativeTarget "HorizontalScrollMenu" */;
			buildPhases = (
				8CD931361B43A89E00ABCCB9 /* Sources */,
				8CD931371B43A89E00ABCCB9 /* Frameworks */,
				8CD931381B43A89E00ABCCB9 /* Resources */,
			);
			buildRules = (
			);
			dependencies = (
			);
			name = HorizontalScrollMenu;
			productName = HorizontalScrollMenu;
			productReference = 8CD9313A1B43A89E00ABCCB9 /* HorizontalScrollMenu.app */;
			productType = "com.apple.product-type.application";
		};
		8CD931521B43A89E00ABCCB9 /* HorizontalScrollMenuTests */ = {
			isa = PBXNativeTarget;
			buildConfigurationList = 8CD931601B43A89E00ABCCB9 /* Build configuration list for PBXNativeTarget "HorizontalScrollMenuTests" */;
			buildPhases = (
				8CD9314F1B43A89E00ABCCB9 /* Sources */,
				8CD931501B43A89E00ABCCB9 /* Frameworks */,
				8CD931511B43A89E00ABCCB9 /* Resources */,
			);
			buildRules = (
			);
			dependencies = (
				8CD931551B43A89E00ABCCB9 /* PBXTargetDependency */,
			);
			name = HorizontalScrollMenuTests;
			productName = HorizontalScrollMenuTests;
			productReference = 8CD931531B43A89E00ABCCB9 /* HorizontalScrollMenuTests.xctest */;
			productType = "com.apple.product-type.bundle.unit-test";
		};
/* End PBXNativeTarget section */

/* Begin PBXProject section */
		8CD931321B43A89E00ABCCB9 /* Project object */ = {
			isa = PBXProject;
			attributes = {
				LastUpgradeCheck = 0610;
				ORGANIZATIONNAME = AAPBD;
				TargetAttributes = {
					8CD931391B43A89E00ABCCB9 = {
						CreatedOnToolsVersion = 6.1.1;
					};
					8CD931521B43A89E00ABCCB9 = {
						CreatedOnToolsVersion = 6.1.1;
						TestTargetID = 8CD931391B43A89E00ABCCB9;
					};
				};
			};
			buildConfigurationList = 8CD931351B43A89E00ABCCB9 /* Build configuration list for PBXProject "HorizontalScrollMenu" */;
			compatibilityVersion = "Xcode 3.2";
			developmentRegion = English;
			hasScannedForEncodings = 0;
			knownRegions = (
				en,
				Base,
			);
			mainGroup = 8CD931311B43A89E00ABCCB9;
			productRefGroup = 8CD9313B1B43A89E00ABCCB9 /* Products */;
			projectDirPath = "";
			projectRoot = "";
			targets = (
				8CD931391B43A89E00ABCCB9 /* HorizontalScrollMenu */,
				8CD931521B43A89E00ABCCB9 /* HorizontalScrollMenuTests */,
			);
		};
/* End PBXProject section */

/* Begin PBXResourcesBuildPhase section */
		8CD931381B43A89E00ABCCB9 /* Resources */ = {
			isa = PBXResourcesBuildPhase;
			buildActionMask = 2147483647;
			files = (
				8CD931491B43A89E00ABCCB9 /* Main.storyboard in Resources */,
				8CD9314E1B43A89E00ABCCB9 /* LaunchScreen.xib in Resources */,
				8CD9314B1B43A89E00ABCCB9 /* Images.xcassets in Resources */,
			);
			runOnlyForDeploymentPostprocessing = 0;
		};
		8CD931511B43A89E00ABCCB9 /* Resources */ = {
			isa = PBXResourcesBuildPhase;
			buildActionMask = 2147483647;
			files = (
			);
			runOnlyForDeploymentPostprocessing = 0;
		};
/* End PBXResourcesBuildPhase section */

/* Begin PBXSourcesBuildPhase section */
		8CD931361B43A89E00ABCCB9 /* Sources */ = {
			isa = PBXSourcesBuildPhase;
			buildActionMask = 2147483647;
			files = (
				8CD931461B43A89E00ABCCB9 /* ViewController.m in Sources */,
				8CD9316D1B43B0FB00ABCCB9 /* iCarousel.m in Sources */,
				8CD931431B43A89E00ABCCB9 /* AppDelegate.m in Sources */,
				8CD931401B43A89E00ABCCB9 /* main.m in Sources */,
			);
			runOnlyForDeploymentPostprocessing = 0;
		};
		8CD9314F1B43A89E00ABCCB9 /* Sources */ = {
			isa = PBXSourcesBuildPhase;
			buildActionMask = 2147483647;
			files = (
				8CD9315A1B43A89E00ABCCB9 /* HorizontalScrollMenuTests.m in Sources */,
			);
			runOnlyForDeploymentPostprocessing = 0;
		};
/* End PBXSourcesBuildPhase section */

/* Begin PBXTargetDependency section */
		8CD931551B43A89E00ABCCB9 /* PBXTargetDependency */ = {
			isa = PBXTargetDependency;
			target = 8CD931391B43A89E00ABCCB9 /* HorizontalScrollMenu */;
			targetProxy = 8CD931541B43A89E00ABCCB9 /* PBXContainerItemProxy */;
		};
/* End PBXTargetDependency section */

/* Begin PBXVariantGroup section */
		8CD931471B43A89E00ABCCB9 /* Main.storyboard */ = {
			isa = PBXVariantGroup;
			children = (
				8CD931481B43A89E00ABCCB9 /* Base */,
			);
			name = Main.storyboard;
			sourceTree = "<group>";
		};
		8CD9314C1B43A89E00ABCCB9 /* LaunchScreen.xib */ = {
			isa = PBXVariantGroup;
			children = (
				8CD9314D1B43A89E00ABCCB9 /* Base */,
			);
			name = LaunchScreen.xib;
			sourceTree = "<group>";
		};
/* End PBXVariantGroup section */

/* Begin XCBuildConfiguration section */
		8CD9315B1B43A89E00ABCCB9 /* Debug */ = {
			isa = XCBuildConfiguration;
			buildSettings = {
				ALWAYS_SEARCH_USER_PATHS = NO;
				CLANG_CXX_LANGUAGE_STANDARD = "gnu++0x";
				CLANG_CXX_LIBRARY = "libc++";
				CLANG_ENABLE_MODULES = YES;
				CLANG_ENABLE_OBJC_ARC = YES;
				CLANG_WARN_BOOL_CONVERSION = YES;
				CLANG_WARN_CONSTANT_CONVERSION = YES;
				CLANG_WARN_DIRECT_OBJC_ISA_USAGE = YES_ERROR;
				CLANG_WARN_EMPTY_BODY = YES;
				CLANG_WARN_ENUM_CONVERSION = YES;
				CLANG_WARN_INT_CONVERSION = YES;
				CLANG_WARN_OBJC_ROOT_CLASS = YES_ERROR;
				CLANG_WARN_UNREACHABLE_CODE = YES;
				CLANG_WARN__DUPLICATE_METHOD_MATCH = YES;
				"CODE_SIGN_IDENTITY[sdk=iphoneos*]" = "iPhone Developer";
				COPY_PHASE_STRIP = NO;
				ENABLE_STRICT_OBJC_MSGSEND = YES;
				GCC_C_LANGUAGE_STANDARD = gnu99;
				GCC_DYNAMIC_NO_PIC = NO;
				GCC_OPTIMIZATION_LEVEL = 0;
				GCC_PREPROCESSOR_DEFINITIONS = (
					"DEBUG=1",
					"$(inherited)",
				);
				GCC_SYMBOLS_PRIVATE_EXTERN = NO;
				GCC_WARN_64_TO_32_BIT_CONVERSION = YES;
				GCC_WARN_ABOUT_RETURN_TYPE = YES_ERROR;
				GCC_WARN_UNDECLARED_SELECTOR = YES;
				GCC_WARN_UNINITIALIZED_AUTOS = YES_AGGRESSIVE;
				GCC_WARN_UNUSED_FUNCTION = YES;
				GCC_WARN_UNUSED_VARIABLE = YES;
				IPHONEOS_DEPLOYMENT_TARGET = 8.1;
				MTL_ENABLE_DEBUG_INFO = YES;
				ONLY_ACTIVE_ARCH = YES;
				SDKROOT = iphoneos;
				TARGETED_DEVICE_FAMILY = "1,2";
			};
			name = Debug;
		};
		8CD9315C1B43A89E00ABCCB9 /* Release */ = {
			isa = XCBuildConfiguration;
			buildSettings = {
				ALWAYS_SEARCH_USER_PATHS = NO;
				CLANG_CXX_LANGUAGE_STANDARD = "gnu++0x";
				CLANG_CXX_LIBRARY = "libc++";
				CLANG_ENABLE_MODULES = YES;
				CLANG_ENABLE_OBJC_ARC = YES;
				CLANG_WARN_BOOL_CONVERSION = YES;
				CLANG_WARN_CONSTANT_CONVERSION = YES;
				CLANG_WARN_DIRECT_OBJC_ISA_USAGE = YES_ERROR;
				CLANG_WARN_EMPTY_BODY = YES;
				CLANG_WARN_ENUM_CONVERSION = YES;
				CLANG_WARN_INT_CONVERSION = YES;
				CLANG_WARN_OBJC_ROOT_CLASS = YES_ERROR;
				CLANG_WARN_UNREACHABLE_CODE = YES;
				CLANG_WARN__DUPLICATE_METHOD_MATCH = YES;
				"CODE_SIGN_IDENTITY[sdk=iphoneos*]" = "iPhone Developer";
				COPY_PHASE_STRIP = YES;
				ENABLE_NS_ASSERTIONS = NO;
				ENABLE_STRICT_OBJC_MSGSEND = YES;
				GCC_C_LANGUAGE_STANDARD = gnu99;
				GCC_WARN_64_TO_32_BIT_CONVERSION = YES;
				GCC_WARN_ABOUT_RETURN_TYPE = YES_ERROR;
				GCC_WARN_UNDECLARED_SELECTOR = YES;
				GCC_WARN_UNINITIALIZED_AUTOS = YES_AGGRESSIVE;
				GCC_WARN_UNUSED_FUNCTION = YES;
				GCC_WARN_UNUSED_VARIABLE = YES;
				IPHONEOS_DEPLOYMENT_TARGET = 8.1;
				MTL_ENABLE_DEBUG_INFO = NO;
				SDKROOT = iphoneos;
				TARGETED_DEVICE_FAMILY = "1,2";
				VALIDATE_PRODUCT = YES;
			};
			name = Release;
		};
		8CD9315E1B43A89E00ABCCB9 /* Debug */ = {
			isa = XCBuildConfiguration;
			buildSettings = {
				ASSETCATALOG_COMPILER_APPICON_NAME = AppIcon;
				INFOPLIST_FILE = HorizontalScrollMenu/Info.plist;
				LD_RUNPATH_SEARCH_PATHS = "$(inherited) @executable_path/Frameworks";
				PRODUCT_NAME = "$(TARGET_NAME)";
			};
			name = Debug;
		};
		8CD9315F1B43A89E00ABCCB9 /* Release */ = {
			isa = XCBuildConfiguration;
			buildSettings = {
				ASSETCATALOG_COMPILER_APPICON_NAME = AppIcon;
				INFOPLIST_FILE = HorizontalScrollMenu/Info.plist;
				LD_RUNPATH_SEARCH_PATHS = "$(inherited) @executable_path/Frameworks";
				PRODUCT_NAME = "$(TARGET_NAME)";
			};
			name = Release;
		};
		8CD931611B43A89E00ABCCB9 /* Debug */ = {
			isa = XCBuildConfiguration;
			buildSettings = {
				BUNDLE_LOADER = "$(TEST_HOST)";
				FRAMEWORK_SEARCH_PATHS = (
					"$(SDKROOT)/Developer/Library/Frameworks",
					"$(inherited)",
				);
				GCC_PREPROCESSOR_DEFINITIONS = (
					"DEBUG=1",
					"$(inherited)",
				);
				INFOPLIST_FILE = HorizontalScrollMenuTests/Info.plist;
				LD_RUNPATH_SEARCH_PATHS = "$(inherited) @executable_path/Frameworks @loader_path/Frameworks";
				PRODUCT_NAME = "$(TARGET_NAME)";
				TEST_HOST = "$(BUILT_PRODUCTS_DIR)/HorizontalScrollMenu.app/HorizontalScrollMenu";
			};
			name = Debug;
		};
		8CD931621B43A89E00ABCCB9 /* Release */ = {
			isa = XCBuildConfiguration;
			buildSettings = {
				BUNDLE_LOADER = "$(TEST_HOST)";
				FRAMEWORK_SEARCH_PATHS = (
					"$(SDKROOT)/Developer/Library/Frameworks",
					"$(inherited)",
				);
				INFOPLIST_FILE = HorizontalScrollMenuTests/Info.plist;
				LD_RUNPATH_SEARCH_PATHS = "$(inherited) @executable_path/Frameworks @loader_path/Frameworks";
				PRODUCT_NAME = "$(TARGET_NAME)";
				TEST_HOST = "$(BUILT_PRODUCTS_DIR)/HorizontalScrollMenu.app/HorizontalScrollMenu";
			};
			name = Release;
		};
/* End XCBuildConfiguration section */

/* Begin XCConfigurationList section */
		8CD931351B43A89E00ABCCB9 /* Build configuration list for PBXProject "HorizontalScrollMenu" */ = {
			isa = XCConfigurationList;
			buildConfigurations = (
				8CD9315B1B43A89E00ABCCB9 /* Debug */,
				8CD9315C1B43A89E00ABCCB9 /* Release */,
			);
			defaultConfigurationIsVisible = 0;
			defaultConfigurationName = Release;
		};
		8CD9315D1B43A89E00ABCCB9 /* Build configuration list for PBXNativeTarget "HorizontalScrollMenu" */ = {
			isa = XCConfigurationList;
			buildConfigurations = (
				8CD9315E1B43A89E00ABCCB9 /* Debug */,
				8CD9315F1B43A89E00ABCCB9 /* Release */,
			);
			defaultConfigurationIsVisible = 0;
		};
		8CD931601B43A89E00ABCCB9 /* Build configuration list for PBXNativeTarget "HorizontalScrollMenuTests" */ = {
			isa = XCConfigurationList;
			buildConfigurations = (
				8CD931611B43A89E00ABCCB9 /* Debug */,
				8CD931621B43A89E00ABCCB9 /* Release */,
			);
			defaultConfigurationIsVisible = 0;
		};
/* End XCConfigurationList section */
	};
	rootObject = 8CD931321B43A89E00ABCCB9 /* Project object */;
}
